
Microsoft Visual Studio Solution File, Format Version 12.00
# Visual Studio Version 17
VisualStudioVersion = 17.11.35312.102
MinimumVisualStudioVersion = 10.0.40219.1
Project("{9092AA53-FB77-4645-B42D-1CCCA6BD08BD}") = "grabbyfanalapi", "grabbyfanalapi.njsproj", "{545393A9-A448-4C29-A9D1-E6798E935690}"
EndProject
Global
	GlobalSection(SolutionConfigurationPlatforms) = preSolution
		Debug|Any CPU = Debug|Any CPU
		Release|Any CPU = Release|Any CPU
	EndGlobalSection
	GlobalSection(ProjectConfigurationPlatforms) = postSolution
		{545393A9-A448-4C29-A9D1-E6798E935690}.Debug|Any CPU.ActiveCfg = Debug|Any CPU
		{545393A9-A448-4C29-A9D1-E6798E935690}.Debug|Any CPU.Build.0 = Debug|Any CPU
		{545393A9-A448-4C29-A9D1-E6798E935690}.Release|Any CPU.ActiveCfg = Release|Any CPU
		{545393A9-A448-4C29-A9D1-E6798E935690}.Release|Any CPU.Build.0 = Release|Any CPU
	EndGlobalSection
	GlobalSection(SolutionProperties) = preSolution
		HideSolutionNode = FALSE
	EndGlobalSection
	GlobalSection(ExtensibilityGlobals) = postSolution
		SolutionGuid = {1E8202FE-AB30-45FB-B083-B16F04C2B534}
	EndGlobalSection
EndGlobal
